
Microsoft Visual Studio Solution File, Format Version 12.00
# Visual Studio Version 17
VisualStudioVersion = 17.4.33205.214
MinimumVisualStudioVersion = 10.0.40219.1
Project("{FAE04EC0-301F-11D3-BF4B-00C04F79EFBC}") = "Pokemons", "Pokemons\Pokemons.csproj", "{BF760B08-BB90-4BC0-9A88-B2B0A5C492C4}"
EndProject
Project("{FAE04EC0-301F-11D3-BF4B-00C04F79EFBC}") = "modelo", "modelo\modelo.csproj", "{344A1F98-D950-4FA3-A837-20E2A82FDCBD}"
EndProject
Project("{FAE04EC0-301F-11D3-BF4B-00C04F79EFBC}") = "negocio", "negocio\negocio.csproj", "{1A1D8841-9E63-4AA0-B161-70AA14398862}"
EndProject
Global
	GlobalSection(SolutionConfigurationPlatforms) = preSolution
		Debug|Any CPU = Debug|Any CPU
		Release|Any CPU = Release|Any CPU
	EndGlobalSection
	GlobalSection(ProjectConfigurationPlatforms) = postSolution
		{BF760B08-BB90-4BC0-9A88-B2B0A5C492C4}.Debug|Any CPU.ActiveCfg = Debug|Any CPU
		{BF760B08-BB90-4BC0-9A88-B2B0A5C492C4}.Debug|Any CPU.Build.0 = Debug|Any CPU
		{BF760B08-BB90-4BC0-9A88-B2B0A5C492C4}.Release|Any CPU.ActiveCfg = Release|Any CPU
		{BF760B08-BB90-4BC0-9A88-B2B0A5C492C4}.Release|Any CPU.Build.0 = Release|Any CPU
		{344A1F98-D950-4FA3-A837-20E2A82FDCBD}.Debug|Any CPU.ActiveCfg = Debug|Any CPU
		{344A1F98-D950-4FA3-A837-20E2A82FDCBD}.Debug|Any CPU.Build.0 = Debug|Any CPU
		{344A1F98-D950-4FA3-A837-20E2A82FDCBD}.Release|Any CPU.ActiveCfg = Release|Any CPU
		{344A1F98-D950-4FA3-A837-20E2A82FDCBD}.Release|Any CPU.Build.0 = Release|Any CPU
		{1A1D8841-9E63-4AA0-B161-70AA14398862}.Debug|Any CPU.ActiveCfg = Debug|Any CPU
		{1A1D8841-9E63-4AA0-B161-70AA14398862}.Debug|Any CPU.Build.0 = Debug|Any CPU
		{1A1D8841-9E63-4AA0-B161-70AA14398862}.Release|Any CPU.ActiveCfg = Release|Any CPU
		{1A1D8841-9E63-4AA0-B161-70AA14398862}.Release|Any CPU.Build.0 = Release|Any CPU
	EndGlobalSection
	GlobalSection(SolutionProperties) = preSolution
		HideSolutionNode = FALSE
	EndGlobalSection
	GlobalSection(ExtensibilityGlobals) = postSolution
		SolutionGuid = {22CDCE6C-3293-41AE-A8B1-0F175723C98B}
	EndGlobalSection
EndGlobal
